
Microsoft Visual Studio Solution File, Format Version 12.00
# Visual Studio Version 17
VisualStudioVersion = 17.2.32602.215
MinimumVisualStudioVersion = 10.0.40219.1
Project("{FAE04EC0-301F-11D3-BF4B-00C04F79EFBC}") = "HFSSViaSimulations", "HFSSViaSimulations\HFSSViaSimulations.csproj", "{A0B504B5-F433-423D-8690-119B2C99C50E}"
EndProject
Global
	GlobalSection(SolutionConfigurationPlatforms) = preSolution
		Debug|Any CPU = Debug|Any CPU
		Release|Any CPU = Release|Any CPU
	EndGlobalSection
	GlobalSection(ProjectConfigurationPlatforms) = postSolution
		{A0B504B5-F433-423D-8690-119B2C99C50E}.Debug|Any CPU.ActiveCfg = Debug|Any CPU
		{A0B504B5-F433-423D-8690-119B2C99C50E}.Debug|Any CPU.Build.0 = Debug|Any CPU
		{A0B504B5-F433-423D-8690-119B2C99C50E}.Release|Any CPU.ActiveCfg = Release|Any CPU
		{A0B504B5-F433-423D-8690-119B2C99C50E}.Release|Any CPU.Build.0 = Release|Any CPU
	EndGlobalSection
	GlobalSection(SolutionProperties) = preSolution
		HideSolutionNode = FALSE
	EndGlobalSection
	GlobalSection(ExtensibilityGlobals) = postSolution
		SolutionGuid = {60A4B051-5172-4189-A1C1-B0192EB4C855}
	EndGlobalSection
EndGlobal
